PODS:
  - Flutter (1.0.0)
  - flutter_webrtc (1.2.0):
    - Flutter
    - WebRTC-SDK (= 137.7151.12)
  - shared_preferences_foundation (0.0.1):
    - Flutter
    - FlutterMacOS
  - WebRTC-SDK (137.7151.12)

DEPENDENCIES:
  - Flutter (from `Flutter`)
  - flutter_webrtc (from `.symlinks/plugins/flutter_webrtc/ios`)
  - shared_preferences_foundation (from `.symlinks/plugins/shared_preferences_foundation/darwin`)

SPEC REPOS:
  trunk:
    - WebRTC-SDK

EXTERNAL SOURCES:
  Flutter:
    :path: Flutter
  flutter_webrtc:
    :path: ".symlinks/plugins/flutter_webrtc/ios"
  shared_preferences_foundation:
    :path: ".symlinks/plugins/shared_preferences_foundation/darwin"

SPEC CHECKSUMS:
  Flutter: cabc95a1d2626b1b06e7179b784ebcf0c0cde467
  flutter_webrtc: 7de9a15705f7deede4413924a2f1409d39796ab5
  shared_preferences_foundation: 7036424c3d8ec98dfe75ff1667cb0cd531ec82bb
  WebRTC-SDK: 1762e2de812354d27a8407d1b2c532064ec39fce

PODFILE CHECKSUM: 3aba40fabf401891a8ea32e53f97ee6eafe18f91

COCOAPODS: 1.16.2
